{
  "name": "autoblog",
  "version": "1.0.0",
  "lockfileVersion": 3,
  "requires": true,
  "packages": {
    "": {
      "name": "autoblog",
      "version": "1.0.0",
      "dependencies": {
        "react-router-dom": "^7.6.3"
      },
      "devDependencies": {
        "husky": "^9.1.7"
      }
    },
    "autoblog-cli": {
      "version": "0.1.0",
      "extraneous": true,
      "hasInstallScript": true,
      "license": "MIT",
      "dependencies": {
        "@automerge/automerge": "^2.2.9",
        "@automerge/automerge-repo": "^2.0.7",
        "@automerge/automerge-repo-network-websocket": "^2.0.7",
        "@automerge/automerge-repo-storage-nodefs": "^2.0.7",
        "chalk": "^5.4.1",
        "cli-table3": "^0.6.5",
        "commander": "^14.0.0",
        "gray-matter": "^4.0.3"
      },
      "bin": {
        "autoblog": "dist/index.js"
      },
      "devDependencies": {
        "@types/node": "^24.0.10",
        "@vitest/ui": "^3.2.4",
        "execa": "^9.6.0",
        "husky": "^9.1.7",
        "lint-staged": "^16.1.2",
        "memfs": "^4.17.2",
        "prettier": "^3.6.2",
        "ts-node": "^10.9.2",
        "typescript": "^5.8.3",
        "vitest": "^3.2.4"
      },
      "engines": {
        "node": ">=20.0.0"
      }
    },
    "autoblog-web": {
      "version": "1.0.0",
      "extraneous": true,
      "hasInstallScript": true,
      "dependencies": {
        "@automerge/automerge": "^2.1.10",
        "@automerge/automerge-repo": "^2.0.7",
        "@automerge/automerge-repo-network-websocket": "^2.0.7",
        "@automerge/automerge-repo-react-hooks": "^2.0.7",
        "@automerge/automerge-repo-storage-indexeddb": "^2.0.7",
        "@automerge/react": "^2.0.7",
        "@types/dompurify": "^3.0.5",
        "dompurify": "^3.2.6",
        "gray-matter": "^4.0.3",
        "react": "19.1.0",
        "react-dom": "19.1.0",
        "react-markdown": "10.1.0",
        "react-router-dom": "7.6.3",
        "rehype-highlight": "7.0.2",
        "remark-gfm": "4.0.1"
      },
      "devDependencies": {
        "@tailwindcss/typography": "0.5.16",
        "@tailwindcss/vite": "^4.1.11",
        "@testing-library/dom": "10.4.0",
        "@testing-library/jest-dom": "6.6.3",
        "@testing-library/react": "16.3.0",
        "@testing-library/user-event": "^14.4.3",
        "@types/react": "19.1.8",
        "@types/react-dom": "19.1.6",
        "@typescript-eslint/eslint-plugin": "8.35.1",
        "@typescript-eslint/parser": "8.35.1",
        "@vitejs/plugin-react": "4.6.0",
        "@vitest/coverage-v8": "3.2.4",
        "@vitest/ui": "3.2.4",
        "eslint": "9.30.1",
        "eslint-plugin-react": "^7.32.2",
        "eslint-plugin-react-hooks": "5.2.0",
        "eslint-plugin-react-refresh": "^0.4.3",
        "globals": "^16.3.0",
        "husky": "9.1.7",
        "jsdom": "26.1.0",
        "lint-staged": "16.1.2",
        "lucide-react": "0.525.0",
        "prettier": "^3.0.0",
        "tailwindcss": "^4.1.11",
        "typescript": "5.7.3",
        "vite": "7.0.2",
        "vite-plugin-wasm": "^3.2.2",
        "vitest": "3.2.4"
      }
    },
    "node_modules/cookie": {
      "version": "1.0.2",
      "resolved": "https://registry.npmjs.org/cookie/-/cookie-1.0.2.tgz",
      "integrity": "sha512-9Kr/j4O16ISv8zBBhJoi4bXOYNTkFLOqSL3UDB0njXxCXNezjeyVrJyGOWtgfs/q2km1gwBcfH8q1yEGoMYunA==",
      "license": "MIT",
      "engines": {
        "node": ">=18"
      }
    },
    "node_modules/husky": {
      "version": "9.1.7",
      "resolved": "https://registry.npmjs.org/husky/-/husky-9.1.7.tgz",
      "integrity": "sha512-5gs5ytaNjBrh5Ow3zrvdUUY+0VxIuWVL4i9irt6friV+BqdCfmV11CQTWMiBYWHbXhco+J1kHfTOUkePhCDvMA==",
      "dev": true,
      "license": "MIT",
      "bin": {
        "husky": "bin.js"
      },
      "engines": {
        "node": ">=18"
      },
      "funding": {
        "url": "https://github.com/sponsors/typicode"
      }
    },
    "node_modules/react": {
      "version": "19.1.0",
      "resolved": "https://registry.npmjs.org/react/-/react-19.1.0.tgz",
      "integrity": "sha512-FS+XFBNvn3GTAWq26joslQgWNoFu08F4kl0J4CgdNKADkdSGXQyTCnKteIAJy96Br6YbpEU1LSzV5dYtjMkMDg==",
      "license": "MIT",
      "peer": true,
      "engines": {
        "node": ">=0.10.0"
      }
    },
    "node_modules/react-dom": {
      "version": "19.1.0",
      "resolved": "https://registry.npmjs.org/react-dom/-/react-dom-19.1.0.tgz",
      "integrity": "sha512-Xs1hdnE+DyKgeHJeJznQmYMIBG3TKIHJJT95Q58nHLSrElKlGQqDTR2HQ9fx5CN/Gk6Vh/kupBTDLU11/nDk/g==",
      "license": "MIT",
      "peer": true,
      "dependencies": {
        "scheduler": "^0.26.0"
      },
      "peerDependencies": {
        "react": "^19.1.0"
      }
    },
    "node_modules/react-router": {
      "version": "7.6.3",
      "resolved": "https://registry.npmjs.org/react-router/-/react-router-7.6.3.tgz",
      "integrity": "sha512-zf45LZp5skDC6I3jDLXQUu0u26jtuP4lEGbc7BbdyxenBN1vJSTA18czM2D+h5qyMBuMrD+9uB+mU37HIoKGRA==",
      "license": "MIT",
      "dependencies": {
        "cookie": "^1.0.1",
        "set-cookie-parser": "^2.6.0"
      },
      "engines": {
        "node": ">=20.0.0"
      },
      "peerDependencies": {
        "react": ">=18",
        "react-dom": ">=18"
      },
      "peerDependenciesMeta": {
        "react-dom": {
          "optional": true
        }
      }
    },
    "node_modules/react-router-dom": {
      "version": "7.6.3",
      "resolved": "https://registry.npmjs.org/react-router-dom/-/react-router-dom-7.6.3.tgz",
      "integrity": "sha512-DiWJm9qdUAmiJrVWaeJdu4TKu13+iB/8IEi0EW/XgaHCjW/vWGrwzup0GVvaMteuZjKnh5bEvJP/K0MDnzawHw==",
      "license": "MIT",
      "dependencies": {
        "react-router": "7.6.3"
      },
      "engines": {
        "node": ">=20.0.0"
      },
      "peerDependencies": {
        "react": ">=18",
        "react-dom": ">=18"
      }
    },
    "node_modules/scheduler": {
      "version": "0.26.0",
      "resolved": "https://registry.npmjs.org/scheduler/-/scheduler-0.26.0.tgz",
      "integrity": "sha512-NlHwttCI/l5gCPR3D1nNXtWABUmBwvZpEQiD4IXSbIDq8BzLIK/7Ir5gTFSGZDUu37K5cMNp0hFtzO38sC7gWA==",
      "license": "MIT",
      "peer": true
    },
    "node_modules/set-cookie-parser": {
      "version": "2.7.1",
      "resolved": "https://registry.npmjs.org/set-cookie-parser/-/set-cookie-parser-2.7.1.tgz",
      "integrity": "sha512-IOc8uWeOZgnb3ptbCURJWNjWUPcO3ZnTTdzsurqERrP6nPyv+paC55vJM0LpOlT2ne+Ix+9+CRG1MNLlyZ4GjQ==",
      "license": "MIT"
    }
  }
}
